// !$*UTF8*$!
{
	archiveVersion = 1;
	classes = {
	};
	objectVersion = 46;
	objects = {

/* Begin PBXBuildFile section */
		A25F91DD1FFC6F2900CC808F /* main.m in Sources */ = {isa = PBXBuildFile; fileRef = A25F91DC1FFC6F2900CC808F /* main.m */; };
		A25F91E01FFC6F2900CC808F /* AppDelegate.m in Sources */ = {isa = PBXBuildFile; fileRef = A25F91DF1FFC6F2900CC808F /* AppDelegate.m */; };
		A25F91E31FFC6F2900CC808F /* ViewController.m in Sources */ = {isa = PBXBuildFile; fileRef = A25F91E21FFC6F2900CC808F /* ViewController.m */; };
		A25F91E61FFC6F2900CC808F /* Main.storyboard in Resources */ = {isa = PBXBuildFile; fileRef = A25F91E41FFC6F2900CC808F /* Main.storyboard */; };
		A25F91E81FFC6F2900CC808F /* Assets.xcassets in Resources */ = {isa = PBXBuildFile; fileRef = A25F91E71FFC6F2900CC808F /* Assets.xcassets */; };
		A25F91EB1FFC6F2900CC808F /* LaunchScreen.storyboard in Resources */ = {isa = PBXBuildFile; fileRef = A25F91E91FFC6F2900CC808F /* LaunchScreen.storyboard */; };
		A25F91F61FFC6F2900CC808F /* _1NSURLConnectionTests.m in Sources */ = {isa = PBXBuildFile; fileRef = A25F91F51FFC6F2900CC808F /* _1NSURLConnectionTests.m */; };
		A25F92011FFC6F2900CC808F /* _1NSURLConnectionUITests.m in Sources */ = {isa = PBXBuildFile; fileRef = A25F92001FFC6F2900CC808F /* _1NSURLConnectionUITests.m */; };
/* End PBXBuildFile section */

/* Begin PBXContainerItemProxy section */
		A25F91F21FFC6F2900CC808F /* PBXContainerItemProxy */ = {
			isa = PBXContainerItemProxy;
			containerPortal = A25F91D01FFC6F2900CC808F /* Project object */;
			proxyType = 1;
			remoteGlobalIDString = A25F91D71FFC6F2900CC808F;
			remoteInfo = 01NSURLConnection;
		};
		A25F91FD1FFC6F2900CC808F /* PBXContainerItemProxy */ = {
			isa = PBXContainerItemProxy;
			containerPortal = A25F91D01FFC6F2900CC808F /* Project object */;
			proxyType = 1;
			remoteGlobalIDString = A25F91D71FFC6F2900CC808F;
			remoteInfo = 01NSURLConnection;
		};
/* End PBXContainerItemProxy section */

/* Begin PBXFileReference section */
		A25F91D81FFC6F2900CC808F /* 01NSURLConnection.app */ = {isa = PBXFileReference; explicitFileType = wrapper.application; includeInIndex = 0; path = 01NSURLConnection.app; sourceTree = BUILT_PRODUCTS_DIR; };
		A25F91DC1FFC6F2900CC808F /* main.m */ = {isa = PBXFileReference; lastKnownFileType = sourcecode.c.objc; path = main.m; sourceTree = "<group>"; };
		A25F91DE1FFC6F2900CC808F /* AppDelegate.h */ = {isa = PBXFileReference; lastKnownFileType = sourcecode.c.h; path = AppDelegate.h; sourceTree = "<group>"; };
		A25F91DF1FFC6F2900CC808F /* AppDelegate.m */ = {isa = PBXFileReference; lastKnownFileType = sourcecode.c.objc; path = AppDelegate.m; sourceTree = "<group>"; };
		A25F91E11FFC6F2900CC808F /* ViewController.h */ = {isa = PBXFileReference; lastKnownFileType = sourcecode.c.h; path = ViewController.h; sourceTree = "<group>"; };
		A25F91E21FFC6F2900CC808F /* ViewController.m */ = {isa = PBXFileReference; lastKnownFileType = sourcecode.c.objc; path = ViewController.m; sourceTree = "<group>"; };
		A25F91E51FFC6F2900CC808F /* Base */ = {isa = PBXFileReference; lastKnownFileType = file.storyboard; name = Base; path = Base.lproj/Main.storyboard; sourceTree = "<group>"; };
		A25F91E71FFC6F2900CC808F /* Assets.xcassets */ = {isa = PBXFileReference; lastKnownFileType = folder.assetcatalog; path = Assets.xcassets; sourceTree = "<group>"; };
		A25F91EA1FFC6F2900CC808F /* Base */ = {isa = PBXFileReference; lastKnownFileType = file.storyboard; name = Base; path = Base.lproj/LaunchScreen.storyboard; sourceTree = "<group>"; };
		A25F91EC1FFC6F2900CC808F /* Info.plist */ = {isa = PBXFileReference; lastKnownFileType = text.plist.xml; path = Info.plist; sourceTree = "<group>"; };
		A25F91F11FFC6F2900CC808F /* 01NSURLConnectionTests.xctest */ = {isa = PBXFileReference; explicitFileType = wrapper.cfbundle; includeInIndex = 0; path = 01NSURLConnectionTests.xctest; sourceTree = BUILT_PRODUCTS_DIR; };
		A25F91F51FFC6F2900CC808F /* _1NSURLConnectionTests.m */ = {isa = PBXFileReference; lastKnownFileType = sourcecode.c.objc; path = _1NSURLConnectionTests.m; sourceTree = "<group>"; };
		A25F91F71FFC6F2900CC808F /* Info.plist */ = {isa = PBXFileReference; lastKnownFileType = text.plist.xml; path = Info.plist; sourceTree = "<group>"; };
		A25F91FC1FFC6F2900CC808F /* 01NSURLConnectionUITests.xctest */ = {isa = PBXFileReference; explicitFileType = wrapper.cfbundle; includeInIndex = 0; path = 01NSURLConnectionUITests.xctest; sourceTree = BUILT_PRODUCTS_DIR; };
		A25F92001FFC6F2900CC808F /* _1NSURLConnectionUITests.m */ = {isa = PBXFileReference; lastKnownFileType = sourcecode.c.objc; path = _1NSURLConnectionUITests.m; sourceTree = "<group>"; };
		A25F92021FFC6F2900CC808F /* Info.plist */ = {isa = PBXFileReference; lastKnownFileType = text.plist.xml; path = Info.plist; sourceTree = "<group>"; };
/* End PBXFileReference section */

/* Begin PBXFrameworksBuildPhase section */
		A25F91D51FFC6F2900CC808F /* Frameworks */ = {
			isa = PBXFrameworksBuildPhase;
			buildActionMask = 2147483647;
			files = (
			);
			runOnlyForDeploymentPostprocessing = 0;
		};
		A25F91EE1FFC6F2900CC808F /* Frameworks */ = {
			isa = PBXFrameworksBuildPhase;
			buildActionMask = 2147483647;
			files = (
			);
			runOnlyForDeploymentPostprocessing = 0;
		};
		A25F91F91FFC6F2900CC808F /* Frameworks */ = {
			isa = PBXFrameworksBuildPhase;
			buildActionMask = 2147483647;
			files = (
			);
			runOnlyForDeploymentPostprocessing = 0;
		};
/* End PBXFrameworksBuildPhase section */

/* Begin PBXGroup section */
		A25F91CF1FFC6F2900CC808F = {
			isa = PBXGroup;
			children = (
				A25F91DA1FFC6F2900CC808F /* 01NSURLConnection */,
				A25F91F41FFC6F2900CC808F /* 01NSURLConnectionTests */,
				A25F91FF1FFC6F2900CC808F /* 01NSURLConnectionUITests */,
				A25F91D91FFC6F2900CC808F /* Products */,
			);
			sourceTree = "<group>";
		};
		A25F91D91FFC6F2900CC808F /* Products */ = {
			isa = PBXGroup;
			children = (
				A25F91D81FFC6F2900CC808F /* 01NSURLConnection.app */,
				A25F91F11FFC6F2900CC808F /* 01NSURLConnectionTests.xctest */,
				A25F91FC1FFC6F2900CC808F /* 01NSURLConnectionUITests.xctest */,
			);
			name = Products;
			sourceTree = "<group>";
		};
		A25F91DA1FFC6F2900CC808F /* 01NSURLConnection */ = {
			isa = PBXGroup;
			children = (
				A25F91DE1FFC6F2900CC808F /* AppDelegate.h */,
				A25F91DF1FFC6F2900CC808F /* AppDelegate.m */,
				A25F91E11FFC6F2900CC808F /* ViewController.h */,
				A25F91E21FFC6F2900CC808F /* ViewController.m */,
				A25F91E41FFC6F2900CC808F /* Main.storyboard */,
				A25F91E71FFC6F2900CC808F /* Assets.xcassets */,
				A25F91E91FFC6F2900CC808F /* LaunchScreen.storyboard */,
				A25F91EC1FFC6F2900CC808F /* Info.plist */,
				A25F91DB1FFC6F2900CC808F /* Supporting Files */,
			);
			path = 01NSURLConnection;
			sourceTree = "<group>";
		};
		A25F91DB1FFC6F2900CC808F /* Supporting Files */ = {
			isa = PBXGroup;
			children = (
				A25F91DC1FFC6F2900CC808F /* main.m */,
			);
			name = "Supporting Files";
			sourceTree = "<group>";
		};
		A25F91F41FFC6F2900CC808F /* 01NSURLConnectionTests */ = {
			isa = PBXGroup;
			children = (
				A25F91F51FFC6F2900CC808F /* _1NSURLConnectionTests.m */,
				A25F91F71FFC6F2900CC808F /* Info.plist */,
			);
			path = 01NSURLConnectionTests;
			sourceTree = "<group>";
		};
		A25F91FF1FFC6F2900CC808F /* 01NSURLConnectionUITests */ = {
			isa = PBXGroup;
			children = (
				A25F92001FFC6F2900CC808F /* _1NSURLConnectionUITests.m */,
				A25F92021FFC6F2900CC808F /* Info.plist */,
			);
			path = 01NSURLConnectionUITests;
			sourceTree = "<group>";
		};
/* End PBXGroup section */

/* Begin PBXNativeTarget section */
		A25F91D71FFC6F2900CC808F /* 01NSURLConnection */ = {
			isa = PBXNativeTarget;
			buildConfigurationList = A25F92051FFC6F2900CC808F /* Build configuration list for PBXNativeTarget "01NSURLConnection" */;
			buildPhases = (
				A25F91D41FFC6F2900CC808F /* Sources */,
				A25F91D51FFC6F2900CC808F /* Frameworks */,
				A25F91D61FFC6F2900CC808F /* Resources */,
			);
			buildRules = (
			);
			dependencies = (
			);
			name = 01NSURLConnection;
			productName = 01NSURLConnection;
			productReference = A25F91D81FFC6F2900CC808F /* 01NSURLConnection.app */;
			productType = "com.apple.product-type.application";
		};
		A25F91F01FFC6F2900CC808F /* 01NSURLConnectionTests */ = {
			isa = PBXNativeTarget;
			buildConfigurationList = A25F92081FFC6F2900CC808F /* Build configuration list for PBXNativeTarget "01NSURLConnectionTests" */;
			buildPhases = (
				A25F91ED1FFC6F2900CC808F /* Sources */,
				A25F91EE1FFC6F2900CC808F /* Frameworks */,
				A25F91EF1FFC6F2900CC808F /* Resources */,
			);
			buildRules = (
			);
			dependencies = (
				A25F91F31FFC6F2900CC808F /* PBXTargetDependency */,
			);
			name = 01NSURLConnectionTests;
			productName = 01NSURLConnectionTests;
			productReference = A25F91F11FFC6F2900CC808F /* 01NSURLConnectionTests.xctest */;
			productType = "com.apple.product-type.bundle.unit-test";
		};
		A25F91FB1FFC6F2900CC808F /* 01NSURLConnectionUITests */ = {
			isa = PBXNativeTarget;
			buildConfigurationList = A25F920B1FFC6F2900CC808F /* Build configuration list for PBXNativeTarget "01NSURLConnectionUITests" */;
			buildPhases = (
				A25F91F81FFC6F2900CC808F /* Sources */,
				A25F91F91FFC6F2900CC808F /* Frameworks */,
				A25F91FA1FFC6F2900CC808F /* Resources */,
			);
			buildRules = (
			);
			dependencies = (
				A25F91FE1FFC6F2900CC808F /* PBXTargetDependency */,
			);
			name = 01NSURLConnectionUITests;
			productName = 01NSURLConnectionUITests;
			productReference = A25F91FC1FFC6F2900CC808F /* 01NSURLConnectionUITests.xctest */;
			productType = "com.apple.product-type.bundle.ui-testing";
		};
/* End PBXNativeTarget section */

/* Begin PBXProject section */
		A25F91D01FFC6F2900CC808F /* Project object */ = {
			isa = PBXProject;
			attributes = {
				LastUpgradeCheck = 0700;
				ORGANIZATIONNAME = mazaiting;
				TargetAttributes = {
					A25F91D71FFC6F2900CC808F = {
						CreatedOnToolsVersion = 7.0;
					};
					A25F91F01FFC6F2900CC808F = {
						CreatedOnToolsVersion = 7.0;
						TestTargetID = A25F91D71FFC6F2900CC808F;
					};
					A25F91FB1FFC6F2900CC808F = {
						CreatedOnToolsVersion = 7.0;
						TestTargetID = A25F91D71FFC6F2900CC808F;
					};
				};
			};
			buildConfigurationList = A25F91D31FFC6F2900CC808F /* Build configuration list for PBXProject "01NSURLConnection" */;
			compatibilityVersion = "Xcode 3.2";
			developmentRegion = English;
			hasScannedForEncodings = 0;
			knownRegions = (
				en,
				Base,
			);
			mainGroup = A25F91CF1FFC6F2900CC808F;
			productRefGroup = A25F91D91FFC6F2900CC808F /* Products */;
			projectDirPath = "";
			projectRoot = "";
			targets = (
				A25F91D71FFC6F2900CC808F /* 01NSURLConnection */,
				A25F91F01FFC6F2900CC808F /* 01NSURLConnectionTests */,
				A25F91FB1FFC6F2900CC808F /* 01NSURLConnectionUITests */,
			);
		};
/* End PBXProject section */

/* Begin PBXResourcesBuildPhase section */
		A25F91D61FFC6F2900CC808F /* Resources */ = {
			isa = PBXResourcesBuildPhase;
			buildActionMask = 2147483647;
			files = (
				A25F91EB1FFC6F2900CC808F /* LaunchScreen.storyboard in Resources */,
				A25F91E81FFC6F2900CC808F /* Assets.xcassets in Resources */,
				A25F91E61FFC6F2900CC808F /* Main.storyboard in Resources */,
			);
			runOnlyForDeploymentPostprocessing = 0;
		};
		A25F91EF1FFC6F2900CC808F /* Resources */ = {
			isa = PBXResourcesBuildPhase;
			buildActionMask = 2147483647;
			files = (
			);
			runOnlyForDeploymentPostprocessing = 0;
		};
		A25F91FA1FFC6F2900CC808F /* Resources */ = {
			isa = PBXResourcesBuildPhase;
			buildActionMask = 2147483647;
			files = (
			);
			runOnlyForDeploymentPostprocessing = 0;
		};
/* End PBXResourcesBuildPhase section */

/* Begin PBXSourcesBuildPhase section */
		A25F91D41FFC6F2900CC808F /* Sources */ = {
			isa = PBXSourcesBuildPhase;
			buildActionMask = 2147483647;
			files = (
				A25F91E31FFC6F2900CC808F /* ViewController.m in Sources */,
				A25F91E01FFC6F2900CC808F /* AppDelegate.m in Sources */,
				A25F91DD1FFC6F2900CC808F /* main.m in Sources */,
			);
			runOnlyForDeploymentPostprocessing = 0;
		};
		A25F91ED1FFC6F2900CC808F /* Sources */ = {
			isa = PBXSourcesBuildPhase;
			buildActionMask = 2147483647;
			files = (
				A25F91F61FFC6F2900CC808F /* _1NSURLConnectionTests.m in Sources */,
			);
			runOnlyForDeploymentPostprocessing = 0;
		};
		A25F91F81FFC6F2900CC808F /* Sources */ = {
			isa = PBXSourcesBuildPhase;
			buildActionMask = 2147483647;
			files = (
				A25F92011FFC6F2900CC808F /* _1NSURLConnectionUITests.m in Sources */,
			);
			runOnlyForDeploymentPostprocessing = 0;
		};
/* End PBXSourcesBuildPhase section */

/* Begin PBXTargetDependency section */
		A25F91F31FFC6F2900CC808F /* PBXTargetDependency */ = {
			isa = PBXTargetDependency;
			target = A25F91D71FFC6F2900CC808F /* 01NSURLConnection */;
			targetProxy = A25F91F21FFC6F2900CC808F /* PBXContainerItemProxy */;
		};
		A25F91FE1FFC6F2900CC808F /* PBXTargetDependency */ = {
			isa = PBXTargetDependency;
			target = A25F91D71FFC6F2900CC808F /* 01NSURLConnection */;
			targetProxy = A25F91FD1FFC6F2900CC808F /* PBXContainerItemProxy */;
		};
/* End PBXTargetDependency section */

/* Begin PBXVariantGroup section */
		A25F91E41FFC6F2900CC808F /* Main.storyboard */ = {
			isa = PBXVariantGroup;
			children = (
				A25F91E51FFC6F2900CC808F /* Base */,
			);
			name = Main.storyboard;
			sourceTree = "<group>";
		};
		A25F91E91FFC6F2900CC808F /* LaunchScreen.storyboard */ = {
			isa = PBXVariantGroup;
			children = (
				A25F91EA1FFC6F2900CC808F /* Base */,
			);
			name = LaunchScreen.storyboard;
			sourceTree = "<group>";
		};
/* End PBXVariantGroup section */

/* Begin XCBuildConfiguration section */
		A25F92031FFC6F2900CC808F /* Debug */ = {
			isa = XCBuildConfiguration;
			buildSettings = {
				ALWAYS_SEARCH_USER_PATHS = NO;
				CLANG_CXX_LANGUAGE_STANDARD = "gnu++0x";
				CLANG_CXX_LIBRARY = "libc++";
				CLANG_ENABLE_MODULES = YES;
				CLANG_ENABLE_OBJC_ARC = YES;
				CLANG_WARN_BOOL_CONVERSION = YES;
				CLANG_WARN_CONSTANT_CONVERSION = YES;
				CLANG_WARN_DIRECT_OBJC_ISA_USAGE = YES_ERROR;
				CLANG_WARN_EMPTY_BODY = YES;
				CLANG_WARN_ENUM_CONVERSION = YES;
				CLANG_WARN_INT_CONVERSION = YES;
				CLANG_WARN_OBJC_ROOT_CLASS = YES_ERROR;
				CLANG_WARN_UNREACHABLE_CODE = YES;
				CLANG_WARN__DUPLICATE_METHOD_MATCH = YES;
				"CODE_SIGN_IDENTITY[sdk=iphoneos*]" = "iPhone Developer";
				COPY_PHASE_STRIP = NO;
				DEBUG_INFORMATION_FORMAT = dwarf;
				ENABLE_STRICT_OBJC_MSGSEND = YES;
				ENABLE_TESTABILITY = YES;
				GCC_C_LANGUAGE_STANDARD = gnu99;
				GCC_DYNAMIC_NO_PIC = NO;
				GCC_NO_COMMON_BLOCKS = YES;
				GCC_OPTIMIZATION_LEVEL = 0;
				GCC_PREPROCESSOR_DEFINITIONS = (
					"DEBUG=1",
					"$(inherited)",
				);
				GCC_WARN_64_TO_32_BIT_CONVERSION = YES;
				GCC_WARN_ABOUT_RETURN_TYPE = YES_ERROR;
				GCC_WARN_UNDECLARED_SELECTOR = YES;
				GCC_WARN_UNINITIALIZED_AUTOS = YES_AGGRESSIVE;
				GCC_WARN_UNUSED_FUNCTION = YES;
				GCC_WARN_UNUSED_VARIABLE = YES;
				IPHONEOS_DEPLOYMENT_TARGET = 9.0;
				MTL_ENABLE_DEBUG_INFO = YES;
				ONLY_ACTIVE_ARCH = YES;
				SDKROOT = iphoneos;
			};
			name = Debug;
		};
		A25F92041FFC6F2900CC808F /* Release */ = {
			isa = XCBuildConfiguration;
			buildSettings = {
				ALWAYS_SEARCH_USER_PATHS = NO;
				CLANG_CXX_LANGUAGE_STANDARD = "gnu++0x";
				CLANG_CXX_LIBRARY = "libc++";
				CLANG_ENABLE_MODULES = YES;
				CLANG_ENABLE_OBJC_ARC = YES;
				CLANG_WARN_BOOL_CONVERSION = YES;
				CLANG_WARN_CONSTANT_CONVERSION = YES;
				CLANG_WARN_DIRECT_OBJC_ISA_USAGE = YES_ERROR;
				CLANG_WARN_EMPTY_BODY = YES;
				CLANG_WARN_ENUM_CONVERSION = YES;
				CLANG_WARN_INT_CONVERSION = YES;
				CLANG_WARN_OBJC_ROOT_CLASS = YES_ERROR;
				CLANG_WARN_UNREACHABLE_CODE = YES;
				CLANG_WARN__DUPLICATE_METHOD_MATCH = YES;
				"CODE_SIGN_IDENTITY[sdk=iphoneos*]" = "iPhone Developer";
				COPY_PHASE_STRIP = NO;
				DEBUG_INFORMATION_FORMAT = "dwarf-with-dsym";
				ENABLE_NS_ASSERTIONS = NO;
				ENABLE_STRICT_OBJC_MSGSEND = YES;
				GCC_C_LANGUAGE_STANDARD = gnu99;
				GCC_NO_COMMON_BLOCKS = YES;
				GCC_WARN_64_TO_32_BIT_CONVERSION = YES;
				GCC_WARN_ABOUT_RETURN_TYPE = YES_ERROR;
				GCC_WARN_UNDECLARED_SELECTOR = YES;
				GCC_WARN_UNINITIALIZED_AUTOS = YES_AGGRESSIVE;
				GCC_WARN_UNUSED_FUNCTION = YES;
				GCC_WARN_UNUSED_VARIABLE = YES;
				IPHONEOS_DEPLOYMENT_TARGET = 9.0;
				MTL_ENABLE_DEBUG_INFO = NO;
				SDKROOT = iphoneos;
				VALIDATE_PRODUCT = YES;
			};
			name = Release;
		};
		A25F92061FFC6F2900CC808F /* Debug */ = {
			isa = XCBuildConfiguration;
			buildSettings = {
				ASSETCATALOG_COMPILER_APPICON_NAME = AppIcon;
				INFOPLIST_FILE = 01NSURLConnection/Info.plist;
				LD_RUNPATH_SEARCH_PATHS = "$(inherited) @executable_path/Frameworks";
				PRODUCT_BUNDLE_IDENTIFIER = "com.arcturis.-1NSURLConnection";
				PRODUCT_NAME = "$(TARGET_NAME)";
			};
			name = Debug;
		};
		A25F92071FFC6F2900CC808F /* Release */ = {
			isa = XCBuildConfiguration;
			buildSettings = {
				ASSETCATALOG_COMPILER_APPICON_NAME = AppIcon;
				INFOPLIST_FILE = 01NSURLConnection/Info.plist;
				LD_RUNPATH_SEARCH_PATHS = "$(inherited) @executable_path/Frameworks";
				PRODUCT_BUNDLE_IDENTIFIER = "com.arcturis.-1NSURLConnection";
				PRODUCT_NAME = "$(TARGET_NAME)";
			};
			name = Release;
		};
		A25F92091FFC6F2900CC808F /* Debug */ = {
			isa = XCBuildConfiguration;
			buildSettings = {
				BUNDLE_LOADER = "$(TEST_HOST)";
				INFOPLIST_FILE = 01NSURLConnectionTests/Info.plist;
				LD_RUNPATH_SEARCH_PATHS = "$(inherited) @executable_path/Frameworks @loader_path/Frameworks";
				PRODUCT_BUNDLE_IDENTIFIER = "com.arcturis.-1NSURLConnectionTests";
				PRODUCT_NAME = "$(TARGET_NAME)";
				TEST_HOST = "$(BUILT_PRODUCTS_DIR)/01NSURLConnection.app/01NSURLConnection";
			};
			name = Debug;
		};
		A25F920A1FFC6F2900CC808F /* Release */ = {
			isa = XCBuildConfiguration;
			buildSettings = {
				BUNDLE_LOADER = "$(TEST_HOST)";
				INFOPLIST_FILE = 01NSURLConnectionTests/Info.plist;
				LD_RUNPATH_SEARCH_PATHS = "$(inherited) @executable_path/Frameworks @loader_path/Frameworks";
				PRODUCT_BUNDLE_IDENTIFIER = "com.arcturis.-1NSURLConnectionTests";
				PRODUCT_NAME = "$(TARGET_NAME)";
				TEST_HOST = "$(BUILT_PRODUCTS_DIR)/01NSURLConnection.app/01NSURLConnection";
			};
			name = Release;
		};
		A25F920C1FFC6F2900CC808F /* Debug */ = {
			isa = XCBuildConfiguration;
			buildSettings = {
				INFOPLIST_FILE = 01NSURLConnectionUITests/Info.plist;
				LD_RUNPATH_SEARCH_PATHS = "$(inherited) @executable_path/Frameworks @loader_path/Frameworks";
				PRODUCT_BUNDLE_IDENTIFIER = "com.arcturis.-1NSURLConnectionUITests";
				PRODUCT_NAME = "$(TARGET_NAME)";
				TEST_TARGET_NAME = 01NSURLConnection;
				USES_XCTRUNNER = YES;
			};
			name = Debug;
		};
		A25F920D1FFC6F2900CC808F /* Release */ = {
			isa = XCBuildConfiguration;
			buildSettings = {
				INFOPLIST_FILE = 01NSURLConnectionUITests/Info.plist;
				LD_RUNPATH_SEARCH_PATHS = "$(inherited) @executable_path/Frameworks @loader_path/Frameworks";
				PRODUCT_BUNDLE_IDENTIFIER = "com.arcturis.-1NSURLConnectionUITests";
				PRODUCT_NAME = "$(TARGET_NAME)";
				TEST_TARGET_NAME = 01NSURLConnection;
				USES_XCTRUNNER = YES;
			};
			name = Release;
		};
/* End XCBuildConfiguration section */

/* Begin XCConfigurationList section */
		A25F91D31FFC6F2900CC808F /* Build configuration list for PBXProject "01NSURLConnection" */ = {
			isa = XCConfigurationList;
			buildConfigurations = (
				A25F92031FFC6F2900CC808F /* Debug */,
				A25F92041FFC6F2900CC808F /* Release */,
			);
			defaultConfigurationIsVisible = 0;
			defaultConfigurationName = Release;
		};
		A25F92051FFC6F2900CC808F /* Build configuration list for PBXNativeTarget "01NSURLConnection" */ = {
			isa = XCConfigurationList;
			buildConfigurations = (
				A25F92061FFC6F2900CC808F /* Debug */,
				A25F92071FFC6F2900CC808F /* Release */,
			);
			defaultConfigurationIsVisible = 0;
		};
		A25F92081FFC6F2900CC808F /* Build configuration list for PBXNativeTarget "01NSURLConnectionTests" */ = {
			isa = XCConfigurationList;
			buildConfigurations = (
				A25F92091FFC6F2900CC808F /* Debug */,
				A25F920A1FFC6F2900CC808F /* Release */,
			);
			defaultConfigurationIsVisible = 0;
		};
		A25F920B1FFC6F2900CC808F /* Build configuration list for PBXNativeTarget "01NSURLConnectionUITests" */ = {
			isa = XCConfigurationList;
			buildConfigurations = (
				A25F920C1FFC6F2900CC808F /* Debug */,
				A25F920D1FFC6F2900CC808F /* Release */,
			);
			defaultConfigurationIsVisible = 0;
		};
/* End XCConfigurationList section */
	};
	rootObject = A25F91D01FFC6F2900CC808F /* Project object */;
}
