// !$*UTF8*$!
{
	archiveVersion = 1;
	classes = {
	};
	objectVersion = 46;
	objects = {

/* Begin PBXBuildFile section */
		A232F9311FFCF9F400A93835 /* main.m in Sources */ = {isa = PBXBuildFile; fileRef = A232F9301FFCF9F400A93835 /* main.m */; };
		A232F9341FFCF9F400A93835 /* AppDelegate.m in Sources */ = {isa = PBXBuildFile; fileRef = A232F9331FFCF9F400A93835 /* AppDelegate.m */; };
		A232F9371FFCF9F400A93835 /* ViewController.m in Sources */ = {isa = PBXBuildFile; fileRef = A232F9361FFCF9F400A93835 /* ViewController.m */; };
		A232F93A1FFCF9F400A93835 /* Main.storyboard in Resources */ = {isa = PBXBuildFile; fileRef = A232F9381FFCF9F400A93835 /* Main.storyboard */; };
		A232F93C1FFCF9F400A93835 /* Assets.xcassets in Resources */ = {isa = PBXBuildFile; fileRef = A232F93B1FFCF9F400A93835 /* Assets.xcassets */; };
		A232F93F1FFCF9F400A93835 /* LaunchScreen.storyboard in Resources */ = {isa = PBXBuildFile; fileRef = A232F93D1FFCF9F400A93835 /* LaunchScreen.storyboard */; };
		A232F94A1FFCF9F400A93835 /* _2JSONTests.m in Sources */ = {isa = PBXBuildFile; fileRef = A232F9491FFCF9F400A93835 /* _2JSONTests.m */; };
		A232F9551FFCF9F400A93835 /* _2JSONUITests.m in Sources */ = {isa = PBXBuildFile; fileRef = A232F9541FFCF9F400A93835 /* _2JSONUITests.m */; };
		A232F9631FFCFA0500A93835 /* json.html in Resources */ = {isa = PBXBuildFile; fileRef = A232F9621FFCFA0500A93835 /* json.html */; settings = {ASSET_TAGS = (); }; };
/* End PBXBuildFile section */

/* Begin PBXContainerItemProxy section */
		A232F9461FFCF9F400A93835 /* PBXContainerItemProxy */ = {
			isa = PBXContainerItemProxy;
			containerPortal = A232F9241FFCF9F400A93835 /* Project object */;
			proxyType = 1;
			remoteGlobalIDString = A232F92B1FFCF9F400A93835;
			remoteInfo = 02JSON;
		};
		A232F9511FFCF9F400A93835 /* PBXContainerItemProxy */ = {
			isa = PBXContainerItemProxy;
			containerPortal = A232F9241FFCF9F400A93835 /* Project object */;
			proxyType = 1;
			remoteGlobalIDString = A232F92B1FFCF9F400A93835;
			remoteInfo = 02JSON;
		};
/* End PBXContainerItemProxy section */

/* Begin PBXFileReference section */
		A232F92C1FFCF9F400A93835 /* 02JSON.app */ = {isa = PBXFileReference; explicitFileType = wrapper.application; includeInIndex = 0; path = 02JSON.app; sourceTree = BUILT_PRODUCTS_DIR; };
		A232F9301FFCF9F400A93835 /* main.m */ = {isa = PBXFileReference; lastKnownFileType = sourcecode.c.objc; path = main.m; sourceTree = "<group>"; };
		A232F9321FFCF9F400A93835 /* AppDelegate.h */ = {isa = PBXFileReference; lastKnownFileType = sourcecode.c.h; path = AppDelegate.h; sourceTree = "<group>"; };
		A232F9331FFCF9F400A93835 /* AppDelegate.m */ = {isa = PBXFileReference; lastKnownFileType = sourcecode.c.objc; path = AppDelegate.m; sourceTree = "<group>"; };
		A232F9351FFCF9F400A93835 /* ViewController.h */ = {isa = PBXFileReference; lastKnownFileType = sourcecode.c.h; path = ViewController.h; sourceTree = "<group>"; };
		A232F9361FFCF9F400A93835 /* ViewController.m */ = {isa = PBXFileReference; lastKnownFileType = sourcecode.c.objc; path = ViewController.m; sourceTree = "<group>"; };
		A232F9391FFCF9F400A93835 /* Base */ = {isa = PBXFileReference; lastKnownFileType = file.storyboard; name = Base; path = Base.lproj/Main.storyboard; sourceTree = "<group>"; };
		A232F93B1FFCF9F400A93835 /* Assets.xcassets */ = {isa = PBXFileReference; lastKnownFileType = folder.assetcatalog; path = Assets.xcassets; sourceTree = "<group>"; };
		A232F93E1FFCF9F400A93835 /* Base */ = {isa = PBXFileReference; lastKnownFileType = file.storyboard; name = Base; path = Base.lproj/LaunchScreen.storyboard; sourceTree = "<group>"; };
		A232F9401FFCF9F400A93835 /* Info.plist */ = {isa = PBXFileReference; lastKnownFileType = text.plist.xml; path = Info.plist; sourceTree = "<group>"; };
		A232F9451FFCF9F400A93835 /* 02JSONTests.xctest */ = {isa = PBXFileReference; explicitFileType = wrapper.cfbundle; includeInIndex = 0; path = 02JSONTests.xctest; sourceTree = BUILT_PRODUCTS_DIR; };
		A232F9491FFCF9F400A93835 /* _2JSONTests.m */ = {isa = PBXFileReference; lastKnownFileType = sourcecode.c.objc; path = _2JSONTests.m; sourceTree = "<group>"; };
		A232F94B1FFCF9F400A93835 /* Info.plist */ = {isa = PBXFileReference; lastKnownFileType = text.plist.xml; path = Info.plist; sourceTree = "<group>"; };
		A232F9501FFCF9F400A93835 /* 02JSONUITests.xctest */ = {isa = PBXFileReference; explicitFileType = wrapper.cfbundle; includeInIndex = 0; path = 02JSONUITests.xctest; sourceTree = BUILT_PRODUCTS_DIR; };
		A232F9541FFCF9F400A93835 /* _2JSONUITests.m */ = {isa = PBXFileReference; lastKnownFileType = sourcecode.c.objc; path = _2JSONUITests.m; sourceTree = "<group>"; };
		A232F9561FFCF9F400A93835 /* Info.plist */ = {isa = PBXFileReference; lastKnownFileType = text.plist.xml; path = Info.plist; sourceTree = "<group>"; };
		A232F9621FFCFA0500A93835 /* json.html */ = {isa = PBXFileReference; fileEncoding = 4; lastKnownFileType = text.html; path = json.html; sourceTree = "<group>"; };
/* End PBXFileReference section */

/* Begin PBXFrameworksBuildPhase section */
		A232F9291FFCF9F400A93835 /* Frameworks */ = {
			isa = PBXFrameworksBuildPhase;
			buildActionMask = 2147483647;
			files = (
			);
			runOnlyForDeploymentPostprocessing = 0;
		};
		A232F9421FFCF9F400A93835 /* Frameworks */ = {
			isa = PBXFrameworksBuildPhase;
			buildActionMask = 2147483647;
			files = (
			);
			runOnlyForDeploymentPostprocessing = 0;
		};
		A232F94D1FFCF9F400A93835 /* Frameworks */ = {
			isa = PBXFrameworksBuildPhase;
			buildActionMask = 2147483647;
			files = (
			);
			runOnlyForDeploymentPostprocessing = 0;
		};
/* End PBXFrameworksBuildPhase section */

/* Begin PBXGroup section */
		A232F9231FFCF9F400A93835 = {
			isa = PBXGroup;
			children = (
				A232F92E1FFCF9F400A93835 /* 02JSON */,
				A232F9481FFCF9F400A93835 /* 02JSONTests */,
				A232F9531FFCF9F400A93835 /* 02JSONUITests */,
				A232F92D1FFCF9F400A93835 /* Products */,
			);
			sourceTree = "<group>";
		};
		A232F92D1FFCF9F400A93835 /* Products */ = {
			isa = PBXGroup;
			children = (
				A232F92C1FFCF9F400A93835 /* 02JSON.app */,
				A232F9451FFCF9F400A93835 /* 02JSONTests.xctest */,
				A232F9501FFCF9F400A93835 /* 02JSONUITests.xctest */,
			);
			name = Products;
			sourceTree = "<group>";
		};
		A232F92E1FFCF9F400A93835 /* 02JSON */ = {
			isa = PBXGroup;
			children = (
				A232F9321FFCF9F400A93835 /* AppDelegate.h */,
				A232F9331FFCF9F400A93835 /* AppDelegate.m */,
				A232F9351FFCF9F400A93835 /* ViewController.h */,
				A232F9361FFCF9F400A93835 /* ViewController.m */,
				A232F9381FFCF9F400A93835 /* Main.storyboard */,
				A232F93B1FFCF9F400A93835 /* Assets.xcassets */,
				A232F93D1FFCF9F400A93835 /* LaunchScreen.storyboard */,
				A232F9401FFCF9F400A93835 /* Info.plist */,
				A232F92F1FFCF9F400A93835 /* Supporting Files */,
				A232F9621FFCFA0500A93835 /* json.html */,
			);
			path = 02JSON;
			sourceTree = "<group>";
		};
		A232F92F1FFCF9F400A93835 /* Supporting Files */ = {
			isa = PBXGroup;
			children = (
				A232F9301FFCF9F400A93835 /* main.m */,
			);
			name = "Supporting Files";
			sourceTree = "<group>";
		};
		A232F9481FFCF9F400A93835 /* 02JSONTests */ = {
			isa = PBXGroup;
			children = (
				A232F9491FFCF9F400A93835 /* _2JSONTests.m */,
				A232F94B1FFCF9F400A93835 /* Info.plist */,
			);
			path = 02JSONTests;
			sourceTree = "<group>";
		};
		A232F9531FFCF9F400A93835 /* 02JSONUITests */ = {
			isa = PBXGroup;
			children = (
				A232F9541FFCF9F400A93835 /* _2JSONUITests.m */,
				A232F9561FFCF9F400A93835 /* Info.plist */,
			);
			path = 02JSONUITests;
			sourceTree = "<group>";
		};
/* End PBXGroup section */

/* Begin PBXNativeTarget section */
		A232F92B1FFCF9F400A93835 /* 02JSON */ = {
			isa = PBXNativeTarget;
			buildConfigurationList = A232F9591FFCF9F400A93835 /* Build configuration list for PBXNativeTarget "02JSON" */;
			buildPhases = (
				A232F9281FFCF9F400A93835 /* Sources */,
				A232F9291FFCF9F400A93835 /* Frameworks */,
				A232F92A1FFCF9F400A93835 /* Resources */,
			);
			buildRules = (
			);
			dependencies = (
			);
			name = 02JSON;
			productName = 02JSON;
			productReference = A232F92C1FFCF9F400A93835 /* 02JSON.app */;
			productType = "com.apple.product-type.application";
		};
		A232F9441FFCF9F400A93835 /* 02JSONTests */ = {
			isa = PBXNativeTarget;
			buildConfigurationList = A232F95C1FFCF9F400A93835 /* Build configuration list for PBXNativeTarget "02JSONTests" */;
			buildPhases = (
				A232F9411FFCF9F400A93835 /* Sources */,
				A232F9421FFCF9F400A93835 /* Frameworks */,
				A232F9431FFCF9F400A93835 /* Resources */,
			);
			buildRules = (
			);
			dependencies = (
				A232F9471FFCF9F400A93835 /* PBXTargetDependency */,
			);
			name = 02JSONTests;
			productName = 02JSONTests;
			productReference = A232F9451FFCF9F400A93835 /* 02JSONTests.xctest */;
			productType = "com.apple.product-type.bundle.unit-test";
		};
		A232F94F1FFCF9F400A93835 /* 02JSONUITests */ = {
			isa = PBXNativeTarget;
			buildConfigurationList = A232F95F1FFCF9F400A93835 /* Build configuration list for PBXNativeTarget "02JSONUITests" */;
			buildPhases = (
				A232F94C1FFCF9F400A93835 /* Sources */,
				A232F94D1FFCF9F400A93835 /* Frameworks */,
				A232F94E1FFCF9F400A93835 /* Resources */,
			);
			buildRules = (
			);
			dependencies = (
				A232F9521FFCF9F400A93835 /* PBXTargetDependency */,
			);
			name = 02JSONUITests;
			productName = 02JSONUITests;
			productReference = A232F9501FFCF9F400A93835 /* 02JSONUITests.xctest */;
			productType = "com.apple.product-type.bundle.ui-testing";
		};
/* End PBXNativeTarget section */

/* Begin PBXProject section */
		A232F9241FFCF9F400A93835 /* Project object */ = {
			isa = PBXProject;
			attributes = {
				LastUpgradeCheck = 0700;
				ORGANIZATIONNAME = mazaiting;
				TargetAttributes = {
					A232F92B1FFCF9F400A93835 = {
						CreatedOnToolsVersion = 7.0;
					};
					A232F9441FFCF9F400A93835 = {
						CreatedOnToolsVersion = 7.0;
						TestTargetID = A232F92B1FFCF9F400A93835;
					};
					A232F94F1FFCF9F400A93835 = {
						CreatedOnToolsVersion = 7.0;
						TestTargetID = A232F92B1FFCF9F400A93835;
					};
				};
			};
			buildConfigurationList = A232F9271FFCF9F400A93835 /* Build configuration list for PBXProject "02JSON" */;
			compatibilityVersion = "Xcode 3.2";
			developmentRegion = English;
			hasScannedForEncodings = 0;
			knownRegions = (
				en,
				Base,
			);
			mainGroup = A232F9231FFCF9F400A93835;
			productRefGroup = A232F92D1FFCF9F400A93835 /* Products */;
			projectDirPath = "";
			projectRoot = "";
			targets = (
				A232F92B1FFCF9F400A93835 /* 02JSON */,
				A232F9441FFCF9F400A93835 /* 02JSONTests */,
				A232F94F1FFCF9F400A93835 /* 02JSONUITests */,
			);
		};
/* End PBXProject section */

/* Begin PBXResourcesBuildPhase section */
		A232F92A1FFCF9F400A93835 /* Resources */ = {
			isa = PBXResourcesBuildPhase;
			buildActionMask = 2147483647;
			files = (
				A232F93F1FFCF9F400A93835 /* LaunchScreen.storyboard in Resources */,
				A232F93C1FFCF9F400A93835 /* Assets.xcassets in Resources */,
				A232F9631FFCFA0500A93835 /* json.html in Resources */,
				A232F93A1FFCF9F400A93835 /* Main.storyboard in Resources */,
			);
			runOnlyForDeploymentPostprocessing = 0;
		};
		A232F9431FFCF9F400A93835 /* Resources */ = {
			isa = PBXResourcesBuildPhase;
			buildActionMask = 2147483647;
			files = (
			);
			runOnlyForDeploymentPostprocessing = 0;
		};
		A232F94E1FFCF9F400A93835 /* Resources */ = {
			isa = PBXResourcesBuildPhase;
			buildActionMask = 2147483647;
			files = (
			);
			runOnlyForDeploymentPostprocessing = 0;
		};
/* End PBXResourcesBuildPhase section */

/* Begin PBXSourcesBuildPhase section */
		A232F9281FFCF9F400A93835 /* Sources */ = {
			isa = PBXSourcesBuildPhase;
			buildActionMask = 2147483647;
			files = (
				A232F9371FFCF9F400A93835 /* ViewController.m in Sources */,
				A232F9341FFCF9F400A93835 /* AppDelegate.m in Sources */,
				A232F9311FFCF9F400A93835 /* main.m in Sources */,
			);
			runOnlyForDeploymentPostprocessing = 0;
		};
		A232F9411FFCF9F400A93835 /* Sources */ = {
			isa = PBXSourcesBuildPhase;
			buildActionMask = 2147483647;
			files = (
				A232F94A1FFCF9F400A93835 /* _2JSONTests.m in Sources */,
			);
			runOnlyForDeploymentPostprocessing = 0;
		};
		A232F94C1FFCF9F400A93835 /* Sources */ = {
			isa = PBXSourcesBuildPhase;
			buildActionMask = 2147483647;
			files = (
				A232F9551FFCF9F400A93835 /* _2JSONUITests.m in Sources */,
			);
			runOnlyForDeploymentPostprocessing = 0;
		};
/* End PBXSourcesBuildPhase section */

/* Begin PBXTargetDependency section */
		A232F9471FFCF9F400A93835 /* PBXTargetDependency */ = {
			isa = PBXTargetDependency;
			target = A232F92B1FFCF9F400A93835 /* 02JSON */;
			targetProxy = A232F9461FFCF9F400A93835 /* PBXContainerItemProxy */;
		};
		A232F9521FFCF9F400A93835 /* PBXTargetDependency */ = {
			isa = PBXTargetDependency;
			target = A232F92B1FFCF9F400A93835 /* 02JSON */;
			targetProxy = A232F9511FFCF9F400A93835 /* PBXContainerItemProxy */;
		};
/* End PBXTargetDependency section */

/* Begin PBXVariantGroup section */
		A232F9381FFCF9F400A93835 /* Main.storyboard */ = {
			isa = PBXVariantGroup;
			children = (
				A232F9391FFCF9F400A93835 /* Base */,
			);
			name = Main.storyboard;
			sourceTree = "<group>";
		};
		A232F93D1FFCF9F400A93835 /* LaunchScreen.storyboard */ = {
			isa = PBXVariantGroup;
			children = (
				A232F93E1FFCF9F400A93835 /* Base */,
			);
			name = LaunchScreen.storyboard;
			sourceTree = "<group>";
		};
/* End PBXVariantGroup section */

/* Begin XCBuildConfiguration section */
		A232F9571FFCF9F400A93835 /* Debug */ = {
			isa = XCBuildConfiguration;
			buildSettings = {
				ALWAYS_SEARCH_USER_PATHS = NO;
				CLANG_CXX_LANGUAGE_STANDARD = "gnu++0x";
				CLANG_CXX_LIBRARY = "libc++";
				CLANG_ENABLE_MODULES = YES;
				CLANG_ENABLE_OBJC_ARC = YES;
				CLANG_WARN_BOOL_CONVERSION = YES;
				CLANG_WARN_CONSTANT_CONVERSION = YES;
				CLANG_WARN_DIRECT_OBJC_ISA_USAGE = YES_ERROR;
				CLANG_WARN_EMPTY_BODY = YES;
				CLANG_WARN_ENUM_CONVERSION = YES;
				CLANG_WARN_INT_CONVERSION = YES;
				CLANG_WARN_OBJC_ROOT_CLASS = YES_ERROR;
				CLANG_WARN_UNREACHABLE_CODE = YES;
				CLANG_WARN__DUPLICATE_METHOD_MATCH = YES;
				"CODE_SIGN_IDENTITY[sdk=iphoneos*]" = "iPhone Developer";
				COPY_PHASE_STRIP = NO;
				DEBUG_INFORMATION_FORMAT = dwarf;
				ENABLE_STRICT_OBJC_MSGSEND = YES;
				ENABLE_TESTABILITY = YES;
				GCC_C_LANGUAGE_STANDARD = gnu99;
				GCC_DYNAMIC_NO_PIC = NO;
				GCC_NO_COMMON_BLOCKS = YES;
				GCC_OPTIMIZATION_LEVEL = 0;
				GCC_PREPROCESSOR_DEFINITIONS = (
					"DEBUG=1",
					"$(inherited)",
				);
				GCC_WARN_64_TO_32_BIT_CONVERSION = YES;
				GCC_WARN_ABOUT_RETURN_TYPE = YES_ERROR;
				GCC_WARN_UNDECLARED_SELECTOR = YES;
				GCC_WARN_UNINITIALIZED_AUTOS = YES_AGGRESSIVE;
				GCC_WARN_UNUSED_FUNCTION = YES;
				GCC_WARN_UNUSED_VARIABLE = YES;
				IPHONEOS_DEPLOYMENT_TARGET = 9.0;
				MTL_ENABLE_DEBUG_INFO = YES;
				ONLY_ACTIVE_ARCH = YES;
				SDKROOT = iphoneos;
			};
			name = Debug;
		};
		A232F9581FFCF9F400A93835 /* Release */ = {
			isa = XCBuildConfiguration;
			buildSettings = {
				ALWAYS_SEARCH_USER_PATHS = NO;
				CLANG_CXX_LANGUAGE_STANDARD = "gnu++0x";
				CLANG_CXX_LIBRARY = "libc++";
				CLANG_ENABLE_MODULES = YES;
				CLANG_ENABLE_OBJC_ARC = YES;
				CLANG_WARN_BOOL_CONVERSION = YES;
				CLANG_WARN_CONSTANT_CONVERSION = YES;
				CLANG_WARN_DIRECT_OBJC_ISA_USAGE = YES_ERROR;
				CLANG_WARN_EMPTY_BODY = YES;
				CLANG_WARN_ENUM_CONVERSION = YES;
				CLANG_WARN_INT_CONVERSION = YES;
				CLANG_WARN_OBJC_ROOT_CLASS = YES_ERROR;
				CLANG_WARN_UNREACHABLE_CODE = YES;
				CLANG_WARN__DUPLICATE_METHOD_MATCH = YES;
				"CODE_SIGN_IDENTITY[sdk=iphoneos*]" = "iPhone Developer";
				COPY_PHASE_STRIP = NO;
				DEBUG_INFORMATION_FORMAT = "dwarf-with-dsym";
				ENABLE_NS_ASSERTIONS = NO;
				ENABLE_STRICT_OBJC_MSGSEND = YES;
				GCC_C_LANGUAGE_STANDARD = gnu99;
				GCC_NO_COMMON_BLOCKS = YES;
				GCC_WARN_64_TO_32_BIT_CONVERSION = YES;
				GCC_WARN_ABOUT_RETURN_TYPE = YES_ERROR;
				GCC_WARN_UNDECLARED_SELECTOR = YES;
				GCC_WARN_UNINITIALIZED_AUTOS = YES_AGGRESSIVE;
				GCC_WARN_UNUSED_FUNCTION = YES;
				GCC_WARN_UNUSED_VARIABLE = YES;
				IPHONEOS_DEPLOYMENT_TARGET = 9.0;
				MTL_ENABLE_DEBUG_INFO = NO;
				SDKROOT = iphoneos;
				VALIDATE_PRODUCT = YES;
			};
			name = Release;
		};
		A232F95A1FFCF9F400A93835 /* Debug */ = {
			isa = XCBuildConfiguration;
			buildSettings = {
				ASSETCATALOG_COMPILER_APPICON_NAME = AppIcon;
				INFOPLIST_FILE = 02JSON/Info.plist;
				LD_RUNPATH_SEARCH_PATHS = "$(inherited) @executable_path/Frameworks";
				PRODUCT_BUNDLE_IDENTIFIER = "com.mazaiting.-2JSON";
				PRODUCT_NAME = "$(TARGET_NAME)";
			};
			name = Debug;
		};
		A232F95B1FFCF9F400A93835 /* Release */ = {
			isa = XCBuildConfiguration;
			buildSettings = {
				ASSETCATALOG_COMPILER_APPICON_NAME = AppIcon;
				INFOPLIST_FILE = 02JSON/Info.plist;
				LD_RUNPATH_SEARCH_PATHS = "$(inherited) @executable_path/Frameworks";
				PRODUCT_BUNDLE_IDENTIFIER = "com.mazaiting.-2JSON";
				PRODUCT_NAME = "$(TARGET_NAME)";
			};
			name = Release;
		};
		A232F95D1FFCF9F400A93835 /* Debug */ = {
			isa = XCBuildConfiguration;
			buildSettings = {
				BUNDLE_LOADER = "$(TEST_HOST)";
				INFOPLIST_FILE = 02JSONTests/Info.plist;
				LD_RUNPATH_SEARCH_PATHS = "$(inherited) @executable_path/Frameworks @loader_path/Frameworks";
				PRODUCT_BUNDLE_IDENTIFIER = "com.mazaiting.-2JSONTests";
				PRODUCT_NAME = "$(TARGET_NAME)";
				TEST_HOST = "$(BUILT_PRODUCTS_DIR)/02JSON.app/02JSON";
			};
			name = Debug;
		};
		A232F95E1FFCF9F400A93835 /* Release */ = {
			isa = XCBuildConfiguration;
			buildSettings = {
				BUNDLE_LOADER = "$(TEST_HOST)";
				INFOPLIST_FILE = 02JSONTests/Info.plist;
				LD_RUNPATH_SEARCH_PATHS = "$(inherited) @executable_path/Frameworks @loader_path/Frameworks";
				PRODUCT_BUNDLE_IDENTIFIER = "com.mazaiting.-2JSONTests";
				PRODUCT_NAME = "$(TARGET_NAME)";
				TEST_HOST = "$(BUILT_PRODUCTS_DIR)/02JSON.app/02JSON";
			};
			name = Release;
		};
		A232F9601FFCF9F400A93835 /* Debug */ = {
			isa = XCBuildConfiguration;
			buildSettings = {
				INFOPLIST_FILE = 02JSONUITests/Info.plist;
				LD_RUNPATH_SEARCH_PATHS = "$(inherited) @executable_path/Frameworks @loader_path/Frameworks";
				PRODUCT_BUNDLE_IDENTIFIER = "com.mazaiting.-2JSONUITests";
				PRODUCT_NAME = "$(TARGET_NAME)";
				TEST_TARGET_NAME = 02JSON;
				USES_XCTRUNNER = YES;
			};
			name = Debug;
		};
		A232F9611FFCF9F400A93835 /* Release */ = {
			isa = XCBuildConfiguration;
			buildSettings = {
				INFOPLIST_FILE = 02JSONUITests/Info.plist;
				LD_RUNPATH_SEARCH_PATHS = "$(inherited) @executable_path/Frameworks @loader_path/Frameworks";
				PRODUCT_BUNDLE_IDENTIFIER = "com.mazaiting.-2JSONUITests";
				PRODUCT_NAME = "$(TARGET_NAME)";
				TEST_TARGET_NAME = 02JSON;
				USES_XCTRUNNER = YES;
			};
			name = Release;
		};
/* End XCBuildConfiguration section */

/* Begin XCConfigurationList section */
		A232F9271FFCF9F400A93835 /* Build configuration list for PBXProject "02JSON" */ = {
			isa = XCConfigurationList;
			buildConfigurations = (
				A232F9571FFCF9F400A93835 /* Debug */,
				A232F9581FFCF9F400A93835 /* Release */,
			);
			defaultConfigurationIsVisible = 0;
			defaultConfigurationName = Release;
		};
		A232F9591FFCF9F400A93835 /* Build configuration list for PBXNativeTarget "02JSON" */ = {
			isa = XCConfigurationList;
			buildConfigurations = (
				A232F95A1FFCF9F400A93835 /* Debug */,
				A232F95B1FFCF9F400A93835 /* Release */,
			);
			defaultConfigurationIsVisible = 0;
		};
		A232F95C1FFCF9F400A93835 /* Build configuration list for PBXNativeTarget "02JSONTests" */ = {
			isa = XCConfigurationList;
			buildConfigurations = (
				A232F95D1FFCF9F400A93835 /* Debug */,
				A232F95E1FFCF9F400A93835 /* Release */,
			);
			defaultConfigurationIsVisible = 0;
		};
		A232F95F1FFCF9F400A93835 /* Build configuration list for PBXNativeTarget "02JSONUITests" */ = {
			isa = XCConfigurationList;
			buildConfigurations = (
				A232F9601FFCF9F400A93835 /* Debug */,
				A232F9611FFCF9F400A93835 /* Release */,
			);
			defaultConfigurationIsVisible = 0;
		};
/* End XCConfigurationList section */
	};
	rootObject = A232F9241FFCF9F400A93835 /* Project object */;
}
